
Microsoft Visual Studio Solution File, Format Version 12.00
# Visual Studio Version 17
VisualStudioVersion = 17.2.32505.173
MinimumVisualStudioVersion = 10.0.40219.1
Project("{FAE04EC0-301F-11D3-BF4B-00C04F79EFBC}") = "dz-2(lift)", "dz-2(lift)\dz-2(lift).csproj", "{373BFED2-F3D7-4541-8862-E8403D5BBD7C}"
EndProject
Global
	GlobalSection(SolutionConfigurationPlatforms) = preSolution
		Debug|Any CPU = Debug|Any CPU
		Release|Any CPU = Release|Any CPU
	EndGlobalSection
	GlobalSection(ProjectConfigurationPlatforms) = postSolution
		{373BFED2-F3D7-4541-8862-E8403D5BBD7C}.Debug|Any CPU.ActiveCfg = Debug|Any CPU
		{373BFED2-F3D7-4541-8862-E8403D5BBD7C}.Debug|Any CPU.Build.0 = Debug|Any CPU
		{373BFED2-F3D7-4541-8862-E8403D5BBD7C}.Release|Any CPU.ActiveCfg = Release|Any CPU
		{373BFED2-F3D7-4541-8862-E8403D5BBD7C}.Release|Any CPU.Build.0 = Release|Any CPU
	EndGlobalSection
	GlobalSection(SolutionProperties) = preSolution
		HideSolutionNode = FALSE
	EndGlobalSection
	GlobalSection(ExtensibilityGlobals) = postSolution
		SolutionGuid = {6F9A3427-7777-45AB-A30A-C515890520D6}
	EndGlobalSection
EndGlobal
